
Microsoft Visual Studio Solution File, Format Version 12.00
# Visual Studio Version 17
VisualStudioVersion = 17.7.34302.85
MinimumVisualStudioVersion = 10.0.40219.1
Project("{FAE04EC0-301F-11D3-BF4B-00C04F79EFBC}") = "Multiplicar usando variables", "Multiplicar usando variables\Multiplicar usando variables.csproj", "{78E34A35-0681-4F09-B91E-E7B53BF367AE}"
EndProject
Global
	GlobalSection(SolutionConfigurationPlatforms) = preSolution
		Debug|Any CPU = Debug|Any CPU
		Release|Any CPU = Release|Any CPU
	EndGlobalSection
	GlobalSection(ProjectConfigurationPlatforms) = postSolution
		{78E34A35-0681-4F09-B91E-E7B53BF367AE}.Debug|Any CPU.ActiveCfg = Debug|Any CPU
		{78E34A35-0681-4F09-B91E-E7B53BF367AE}.Debug|Any CPU.Build.0 = Debug|Any CPU
		{78E34A35-0681-4F09-B91E-E7B53BF367AE}.Release|Any CPU.ActiveCfg = Release|Any CPU
		{78E34A35-0681-4F09-B91E-E7B53BF367AE}.Release|Any CPU.Build.0 = Release|Any CPU
	EndGlobalSection
	GlobalSection(SolutionProperties) = preSolution
		HideSolutionNode = FALSE
	EndGlobalSection
	GlobalSection(ExtensibilityGlobals) = postSolution
		SolutionGuid = {0D2425B2-DD65-4112-BDBE-4B07E6137824}
	EndGlobalSection
EndGlobal
